version: 2.0
shards:
  cadmium_inflector:
    git: https://github.com/cadmiumcr/inflector.git
    version: 0.1.0+git.commit.139b4d9628cf0a663f85f5e3727d5c97c1b6c4aa

  db:
    git: https://github.com/crystal-lang/crystal-db.git
    version: 0.11.0

  future:
    git: https://github.com/crystal-community/future.cr.git
    version: 1.0.0

  i18n:
    git: https://github.com/crimson-knight/i18n.cr.git
    version: 0.4.1

  ifrit:
    git: https://github.com/imdrasil/ifrit.git
    version: 0.1.3

  inflector:
    git: https://github.com/phoffer/inflector.cr.git
    version: 1.0.0

  jennifer:
    git: https://github.com/imdrasil/jennifer.cr.git
    version: 0.12.0

  opts:
    git: https://github.com/maiha/opts.cr.git
    version: 0.6.0

  pg:
    git: https://github.com/will/crystal-pg.git
    version: 0.26.0

  pretty:
    git: https://github.com/maiha/pretty.cr.git
    version: 1.1.2

  shard:
    git: https://github.com/maiha/shard.cr.git
    version: 1.0.0

  teeplate:
    git: https://github.com/amberframework/teeplate.git
    version: 0.11.2

  topia:
    git: https://github.com/azutoolkit/topia.git
    version: 0.1.0+git.commit.477521b2aea0687beed7462e11508b7728836bd7

  var:
    git: https://github.com/maiha/var.cr.git
    version: 1.3.0

