version: 2.0
shards:
  cadmium_inflector:
    git: https://github.com/cadmiumcr/inflector.git
    version: 0.1.0+git.commit.139b4d9628cf0a663f85f5e3727d5c97c1b6c4aa

  cql:
    git: https://github.com/azutoolkit/cql.git
    version: 0.0.410

  db:
    git: https://github.com/crystal-lang/crystal-db.git
    version: 0.13.1

  future:
    git: https://github.com/crystal-community/future.cr.git
    version: 1.0.0

  pg:
    git: https://github.com/will/crystal-pg.git
    version: 0.29.0

  pool:
    git: https://github.com/ysbaddaden/pool.git
    version: 0.2.4

  readline:
    git: https://github.com/crystal-lang/crystal-readline.git
    version: 0.1.1

  redis:
    git: https://github.com/stefanwille/crystal-redis.git
    version: 2.9.1

  spec2:
    git: https://github.com/waterlink/spec2.cr.git
    version: 0.11.0

  teeplate:
    git: https://github.com/amberframework/teeplate.git
    version: 0.11.2

  topia:
    git: https://github.com/azutoolkit/topia.git
    version: 0.1.0+git.commit.40f621ded59f00a5d8e3bed0345170df32730ccc

  ulid:
    git: https://github.com/superpaintman/ulid.git
    version: 0.1.0

